
Microsoft Visual Studio Solution File, Format Version 12.00
# Visual Studio Version 16
VisualStudioVersion = 16.0.31729.503
MinimumVisualStudioVersion = 10.0.40219.1
Project("{FAE04EC0-301F-11D3-BF4B-00C04F79EFBC}") = "SalesWebMvc", "SalesWebMvc\SalesWebMvc.csproj", "{1DF7A52B-747A-4DCB-83BA-DBF43B3F81AE}"
EndProject
Global
	GlobalSection(SolutionConfigurationPlatforms) = preSolution
		Debug|Any CPU = Debug|Any CPU
		Release|Any CPU = Release|Any CPU
	EndGlobalSection
	GlobalSection(ProjectConfigurationPlatforms) = postSolution
		{1DF7A52B-747A-4DCB-83BA-DBF43B3F81AE}.Debug|Any CPU.ActiveCfg = Debug|Any CPU
		{1DF7A52B-747A-4DCB-83BA-DBF43B3F81AE}.Debug|Any CPU.Build.0 = Debug|Any CPU
		{1DF7A52B-747A-4DCB-83BA-DBF43B3F81AE}.Release|Any CPU.ActiveCfg = Release|Any CPU
		{1DF7A52B-747A-4DCB-83BA-DBF43B3F81AE}.Release|Any CPU.Build.0 = Release|Any CPU
	EndGlobalSection
	GlobalSection(SolutionProperties) = preSolution
		HideSolutionNode = FALSE
	EndGlobalSection
	GlobalSection(ExtensibilityGlobals) = postSolution
		SolutionGuid = {C89BDD81-F27E-49B5-B563-730B028DBD8F}
	EndGlobalSection
EndGlobal
